{
  "originHash" : "1fdd3758297bdee982ae9010108a8697102c3bb91486743193b029b195e72083",
  "pins" : [
    {
      "identity" : "apollo-ios",
      "kind" : "remoteSourceControl",
      "location" : "https://github.com/apollographql/apollo-ios.git",
      "state" : {
        "revision" : "5936a2a7767bcd4e37db5e9015a23800c3e95ac7",
        "version" : "2.1.0"
      }
    },
    {
      "identity" : "appauth-ios",
      "kind" : "remoteSourceControl",
      "location" : "https://github.com/openid/AppAuth-iOS",
      "state" : {
        "revision" : "145104f5ea9d58ae21b60add007c33c1cc0c948e",
        "version" : "2.0.0"
      }
    }
  ],
  "version" : 3
}
